// !$*UTF8*$!
{
	archiveVersion = 1;
	classes = {
	};
	objectVersion = 56;
	objects = {

/* Begin PBXBuildFile section */
		5EB5A273293F2FD6000F3380 /* PopularDestinationsView.swift in Sources */ = {isa = PBXBuildFile; fileRef = 5EB5A272293F2FD6000F3380 /* PopularDestinationsView.swift */; };
		5EB5A275293F315B000F3380 /* PopularRestaurantsView.swift in Sources */ = {isa = PBXBuildFile; fileRef = 5EB5A274293F315B000F3380 /* PopularRestaurantsView.swift */; };
		5EB5A277293F31A7000F3380 /* TrendingCreatorsView.swift in Sources */ = {isa = PBXBuildFile; fileRef = 5EB5A276293F31A7000F3380 /* TrendingCreatorsView.swift */; };
		5EB5A279293F31EA000F3380 /* DiscoverCategoryView.swift in Sources */ = {isa = PBXBuildFile; fileRef = 5EB5A278293F31EA000F3380 /* DiscoverCategoryView.swift */; };
		5EB5A27C293F33C4000F3380 /* Category.swift in Sources */ = {isa = PBXBuildFile; fileRef = 5EB5A27B293F33C4000F3380 /* Category.swift */; };
		5EB5A27E293F33DD000F3380 /* Destination.swift in Sources */ = {isa = PBXBuildFile; fileRef = 5EB5A27D293F33DD000F3380 /* Destination.swift */; };
		5EB5A280293F33F7000F3380 /* Restaurant.swift in Sources */ = {isa = PBXBuildFile; fileRef = 5EB5A27F293F33F7000F3380 /* Restaurant.swift */; };
		5EB5A282293F3411000F3380 /* Creator.swift in Sources */ = {isa = PBXBuildFile; fileRef = 5EB5A281293F3411000F3380 /* Creator.swift */; };
		5EB5A284293F3453000F3380 /* SeeAllTextView.swift in Sources */ = {isa = PBXBuildFile; fileRef = 5EB5A283293F3453000F3380 /* SeeAllTextView.swift */; };
		5EB5A287293F34C3000F3380 /* Extensions.swift in Sources */ = {isa = PBXBuildFile; fileRef = 5EB5A286293F34C3000F3380 /* Extensions.swift */; };
		5EE4D1DB29377AE0007E974E /* TravelDiscoveryApp.swift in Sources */ = {isa = PBXBuildFile; fileRef = 5EE4D1DA29377AE0007E974E /* TravelDiscoveryApp.swift */; };
		5EE4D1DD29377AE0007E974E /* DiscoverView.swift in Sources */ = {isa = PBXBuildFile; fileRef = 5EE4D1DC29377AE0007E974E /* DiscoverView.swift */; };
		5EE4D1DF29377AE1007E974E /* Assets.xcassets in Resources */ = {isa = PBXBuildFile; fileRef = 5EE4D1DE29377AE1007E974E /* Assets.xcassets */; };
		5EE4D1E329377AE1007E974E /* Preview Assets.xcassets in Resources */ = {isa = PBXBuildFile; fileRef = 5EE4D1E229377AE1007E974E /* Preview Assets.xcassets */; };
/* End PBXBuildFile section */

/* Begin PBXFileReference section */
		5EB5A272293F2FD6000F3380 /* PopularDestinationsView.swift */ = {isa = PBXFileReference; lastKnownFileType = sourcecode.swift; path = PopularDestinationsView.swift; sourceTree = "<group>"; };
		5EB5A274293F315B000F3380 /* PopularRestaurantsView.swift */ = {isa = PBXFileReference; lastKnownFileType = sourcecode.swift; path = PopularRestaurantsView.swift; sourceTree = "<group>"; };
		5EB5A276293F31A7000F3380 /* TrendingCreatorsView.swift */ = {isa = PBXFileReference; lastKnownFileType = sourcecode.swift; path = TrendingCreatorsView.swift; sourceTree = "<group>"; };
		5EB5A278293F31EA000F3380 /* DiscoverCategoryView.swift */ = {isa = PBXFileReference; lastKnownFileType = sourcecode.swift; path = DiscoverCategoryView.swift; sourceTree = "<group>"; };
		5EB5A27B293F33C4000F3380 /* Category.swift */ = {isa = PBXFileReference; lastKnownFileType = sourcecode.swift; path = Category.swift; sourceTree = "<group>"; };
		5EB5A27D293F33DD000F3380 /* Destination.swift */ = {isa = PBXFileReference; lastKnownFileType = sourcecode.swift; path = Destination.swift; sourceTree = "<group>"; };
		5EB5A27F293F33F7000F3380 /* Restaurant.swift */ = {isa = PBXFileReference; lastKnownFileType = sourcecode.swift; path = Restaurant.swift; sourceTree = "<group>"; };
		5EB5A281293F3411000F3380 /* Creator.swift */ = {isa = PBXFileReference; lastKnownFileType = sourcecode.swift; path = Creator.swift; sourceTree = "<group>"; };
		5EB5A283293F3453000F3380 /* SeeAllTextView.swift */ = {isa = PBXFileReference; lastKnownFileType = sourcecode.swift; path = SeeAllTextView.swift; sourceTree = "<group>"; };
		5EB5A286293F34C3000F3380 /* Extensions.swift */ = {isa = PBXFileReference; lastKnownFileType = sourcecode.swift; path = Extensions.swift; sourceTree = "<group>"; };
		5EE4D1D729377AE0007E974E /* TravelDiscovery.app */ = {isa = PBXFileReference; explicitFileType = wrapper.application; includeInIndex = 0; path = TravelDiscovery.app; sourceTree = BUILT_PRODUCTS_DIR; };
		5EE4D1DA29377AE0007E974E /* TravelDiscoveryApp.swift */ = {isa = PBXFileReference; lastKnownFileType = sourcecode.swift; path = TravelDiscoveryApp.swift; sourceTree = "<group>"; };
		5EE4D1DC29377AE0007E974E /* DiscoverView.swift */ = {isa = PBXFileReference; lastKnownFileType = sourcecode.swift; path = DiscoverView.swift; sourceTree = "<group>"; };
		5EE4D1DE29377AE1007E974E /* Assets.xcassets */ = {isa = PBXFileReference; lastKnownFileType = folder.assetcatalog; path = Assets.xcassets; sourceTree = "<group>"; };
		5EE4D1E029377AE1007E974E /* TravelDiscovery.entitlements */ = {isa = PBXFileReference; lastKnownFileType = text.plist.entitlements; path = TravelDiscovery.entitlements; sourceTree = "<group>"; };
		5EE4D1E229377AE1007E974E /* Preview Assets.xcassets */ = {isa = PBXFileReference; lastKnownFileType = folder.assetcatalog; path = "Preview Assets.xcassets"; sourceTree = "<group>"; };
/* End PBXFileReference section */

/* Begin PBXFrameworksBuildPhase section */
		5EE4D1D429377AE0007E974E /* Frameworks */ = {
			isa = PBXFrameworksBuildPhase;
			buildActionMask = 2147483647;
			files = (
			);
			runOnlyForDeploymentPostprocessing = 0;
		};
/* End PBXFrameworksBuildPhase section */

/* Begin PBXGroup section */
		5EB5A271293F2DA0000F3380 /* Discover */ = {
			isa = PBXGroup;
			children = (
				5EE4D1DC29377AE0007E974E /* DiscoverView.swift */,
				5EB5A278293F31EA000F3380 /* DiscoverCategoryView.swift */,
				5EB5A272293F2FD6000F3380 /* PopularDestinationsView.swift */,
				5EB5A274293F315B000F3380 /* PopularRestaurantsView.swift */,
				5EB5A276293F31A7000F3380 /* TrendingCreatorsView.swift */,
				5EB5A283293F3453000F3380 /* SeeAllTextView.swift */,
			);
			path = Discover;
			sourceTree = "<group>";
		};
		5EB5A27A293F3324000F3380 /* Models */ = {
			isa = PBXGroup;
			children = (
				5EB5A27B293F33C4000F3380 /* Category.swift */,
				5EB5A27D293F33DD000F3380 /* Destination.swift */,
				5EB5A27F293F33F7000F3380 /* Restaurant.swift */,
				5EB5A281293F3411000F3380 /* Creator.swift */,
			);
			path = Models;
			sourceTree = "<group>";
		};
		5EB5A285293F3469000F3380 /* Helpers */ = {
			isa = PBXGroup;
			children = (
				5EB5A286293F34C3000F3380 /* Extensions.swift */,
			);
			path = Helpers;
			sourceTree = "<group>";
		};
		5EE4D1CE29377AE0007E974E = {
			isa = PBXGroup;
			children = (
				5EE4D1D929377AE0007E974E /* TravelDiscovery */,
				5EE4D1D829377AE0007E974E /* Products */,
			);
			sourceTree = "<group>";
		};
		5EE4D1D829377AE0007E974E /* Products */ = {
			isa = PBXGroup;
			children = (
				5EE4D1D729377AE0007E974E /* TravelDiscovery.app */,
			);
			name = Products;
			sourceTree = "<group>";
		};
		5EE4D1D929377AE0007E974E /* TravelDiscovery */ = {
			isa = PBXGroup;
			children = (
				5EB5A285293F3469000F3380 /* Helpers */,
				5EB5A27A293F3324000F3380 /* Models */,
				5EB5A271293F2DA0000F3380 /* Discover */,
				5EE4D1DA29377AE0007E974E /* TravelDiscoveryApp.swift */,
				5EE4D1DE29377AE1007E974E /* Assets.xcassets */,
				5EE4D1E029377AE1007E974E /* TravelDiscovery.entitlements */,
				5EE4D1E129377AE1007E974E /* Preview Content */,
			);
			path = TravelDiscovery;
			sourceTree = "<group>";
		};
		5EE4D1E129377AE1007E974E /* Preview Content */ = {
			isa = PBXGroup;
			children = (
				5EE4D1E229377AE1007E974E /* Preview Assets.xcassets */,
			);
			path = "Preview Content";
			sourceTree = "<group>";
		};
/* End PBXGroup section */

/* Begin PBXNativeTarget section */
		5EE4D1D629377AE0007E974E /* TravelDiscovery */ = {
			isa = PBXNativeTarget;
			buildConfigurationList = 5EE4D1E629377AE1007E974E /* Build configuration list for PBXNativeTarget "TravelDiscovery" */;
			buildPhases = (
				5EE4D1D329377AE0007E974E /* Sources */,
				5EE4D1D429377AE0007E974E /* Frameworks */,
				5EE4D1D529377AE0007E974E /* Resources */,
			);
			buildRules = (
			);
			dependencies = (
			);
			name = TravelDiscovery;
			productName = TravelDiscovery;
			productReference = 5EE4D1D729377AE0007E974E /* TravelDiscovery.app */;
			productType = "com.apple.product-type.application";
		};
/* End PBXNativeTarget section */

/* Begin PBXProject section */
		5EE4D1CF29377AE0007E974E /* Project object */ = {
			isa = PBXProject;
			attributes = {
				BuildIndependentTargetsInParallel = 1;
				LastSwiftUpdateCheck = 1410;
				LastUpgradeCheck = 1410;
				TargetAttributes = {
					5EE4D1D629377AE0007E974E = {
						CreatedOnToolsVersion = 14.1;
					};
				};
			};
			buildConfigurationList = 5EE4D1D229377AE0007E974E /* Build configuration list for PBXProject "TravelDiscovery" */;
			compatibilityVersion = "Xcode 14.0";
			developmentRegion = en;
			hasScannedForEncodings = 0;
			knownRegions = (
				en,
				Base,
			);
			mainGroup = 5EE4D1CE29377AE0007E974E;
			productRefGroup = 5EE4D1D829377AE0007E974E /* Products */;
			projectDirPath = "";
			projectRoot = "";
			targets = (
				5EE4D1D629377AE0007E974E /* TravelDiscovery */,
			);
		};
/* End PBXProject section */

/* Begin PBXResourcesBuildPhase section */
		5EE4D1D529377AE0007E974E /* Resources */ = {
			isa = PBXResourcesBuildPhase;
			buildActionMask = 2147483647;
			files = (
				5EE4D1E329377AE1007E974E /* Preview Assets.xcassets in Resources */,
				5EE4D1DF29377AE1007E974E /* Assets.xcassets in Resources */,
			);
			runOnlyForDeploymentPostprocessing = 0;
		};
/* End PBXResourcesBuildPhase section */

/* Begin PBXSourcesBuildPhase section */
		5EE4D1D329377AE0007E974E /* Sources */ = {
			isa = PBXSourcesBuildPhase;
			buildActionMask = 2147483647;
			files = (
				5EB5A277293F31A7000F3380 /* TrendingCreatorsView.swift in Sources */,
				5EB5A273293F2FD6000F3380 /* PopularDestinationsView.swift in Sources */,
				5EB5A282293F3411000F3380 /* Creator.swift in Sources */,
				5EB5A275293F315B000F3380 /* PopularRestaurantsView.swift in Sources */,
				5EE4D1DD29377AE0007E974E /* DiscoverView.swift in Sources */,
				5EE4D1DB29377AE0007E974E /* TravelDiscoveryApp.swift in Sources */,
				5EB5A279293F31EA000F3380 /* DiscoverCategoryView.swift in Sources */,
				5EB5A287293F34C3000F3380 /* Extensions.swift in Sources */,
				5EB5A27E293F33DD000F3380 /* Destination.swift in Sources */,
				5EB5A27C293F33C4000F3380 /* Category.swift in Sources */,
				5EB5A280293F33F7000F3380 /* Restaurant.swift in Sources */,
				5EB5A284293F3453000F3380 /* SeeAllTextView.swift in Sources */,
			);
			runOnlyForDeploymentPostprocessing = 0;
		};
/* End PBXSourcesBuildPhase section */

/* Begin XCBuildConfiguration section */
		5EE4D1E429377AE1007E974E /* Debug */ = {
			isa = XCBuildConfiguration;
			buildSettings = {
				ALWAYS_SEARCH_USER_PATHS = NO;
				CLANG_ANALYZER_NONNULL = YES;
				CLANG_ANALYZER_NUMBER_OBJECT_CONVERSION = YES_AGGRESSIVE;
				CLANG_CXX_LANGUAGE_STANDARD = "gnu++20";
				CLANG_ENABLE_MODULES = YES;
				CLANG_ENABLE_OBJC_ARC = YES;
				CLANG_ENABLE_OBJC_WEAK = YES;
				CLANG_WARN_BLOCK_CAPTURE_AUTORELEASING = YES;
				CLANG_WARN_BOOL_CONVERSION = YES;
				CLANG_WARN_COMMA = YES;
				CLANG_WARN_CONSTANT_CONVERSION = YES;
				CLANG_WARN_DEPRECATED_OBJC_IMPLEMENTATIONS = YES;
				CLANG_WARN_DIRECT_OBJC_ISA_USAGE = YES_ERROR;
				CLANG_WARN_DOCUMENTATION_COMMENTS = YES;
				CLANG_WARN_EMPTY_BODY = YES;
				CLANG_WARN_ENUM_CONVERSION = YES;
				CLANG_WARN_INFINITE_RECURSION = YES;
				CLANG_WARN_INT_CONVERSION = YES;
				CLANG_WARN_NON_LITERAL_NULL_CONVERSION = YES;
				CLANG_WARN_OBJC_IMPLICIT_RETAIN_SELF = YES;
				CLANG_WARN_OBJC_LITERAL_CONVERSION = YES;
				CLANG_WARN_OBJC_ROOT_CLASS = YES_ERROR;
				CLANG_WARN_QUOTED_INCLUDE_IN_FRAMEWORK_HEADER = YES;
				CLANG_WARN_RANGE_LOOP_ANALYSIS = YES;
				CLANG_WARN_STRICT_PROTOTYPES = YES;
				CLANG_WARN_SUSPICIOUS_MOVE = YES;
				CLANG_WARN_UNGUARDED_AVAILABILITY = YES_AGGRESSIVE;
				CLANG_WARN_UNREACHABLE_CODE = YES;
				CLANG_WARN__DUPLICATE_METHOD_MATCH = YES;
				COPY_PHASE_STRIP = NO;
				DEBUG_INFORMATION_FORMAT = dwarf;
				ENABLE_STRICT_OBJC_MSGSEND = YES;
				ENABLE_TESTABILITY = YES;
				GCC_C_LANGUAGE_STANDARD = gnu11;
				GCC_DYNAMIC_NO_PIC = NO;
				GCC_NO_COMMON_BLOCKS = YES;
				GCC_OPTIMIZATION_LEVEL = 0;
				GCC_PREPROCESSOR_DEFINITIONS = (
					"DEBUG=1",
					"$(inherited)",
				);
				GCC_WARN_64_TO_32_BIT_CONVERSION = YES;
				GCC_WARN_ABOUT_RETURN_TYPE = YES_ERROR;
				GCC_WARN_UNDECLARED_SELECTOR = YES;
				GCC_WARN_UNINITIALIZED_AUTOS = YES_AGGRESSIVE;
				GCC_WARN_UNUSED_FUNCTION = YES;
				GCC_WARN_UNUSED_VARIABLE = YES;
				MTL_ENABLE_DEBUG_INFO = INCLUDE_SOURCE;
				MTL_FAST_MATH = YES;
				ONLY_ACTIVE_ARCH = YES;
				SWIFT_ACTIVE_COMPILATION_CONDITIONS = DEBUG;
				SWIFT_OPTIMIZATION_LEVEL = "-Onone";
			};
			name = Debug;
		};
		5EE4D1E529377AE1007E974E /* Release */ = {
			isa = XCBuildConfiguration;
			buildSettings = {
				ALWAYS_SEARCH_USER_PATHS = NO;
				CLANG_ANALYZER_NONNULL = YES;
				CLANG_ANALYZER_NUMBER_OBJECT_CONVERSION = YES_AGGRESSIVE;
				CLANG_CXX_LANGUAGE_STANDARD = "gnu++20";
				CLANG_ENABLE_MODULES = YES;
				CLANG_ENABLE_OBJC_ARC = YES;
				CLANG_ENABLE_OBJC_WEAK = YES;
				CLANG_WARN_BLOCK_CAPTURE_AUTORELEASING = YES;
				CLANG_WARN_BOOL_CONVERSION = YES;
				CLANG_WARN_COMMA = YES;
				CLANG_WARN_CONSTANT_CONVERSION = YES;
				CLANG_WARN_DEPRECATED_OBJC_IMPLEMENTATIONS = YES;
				CLANG_WARN_DIRECT_OBJC_ISA_USAGE = YES_ERROR;
				CLANG_WARN_DOCUMENTATION_COMMENTS = YES;
				CLANG_WARN_EMPTY_BODY = YES;
				CLANG_WARN_ENUM_CONVERSION = YES;
				CLANG_WARN_INFINITE_RECURSION = YES;
				CLANG_WARN_INT_CONVERSION = YES;
				CLANG_WARN_NON_LITERAL_NULL_CONVERSION = YES;
				CLANG_WARN_OBJC_IMPLICIT_RETAIN_SELF = YES;
				CLANG_WARN_OBJC_LITERAL_CONVERSION = YES;
				CLANG_WARN_OBJC_ROOT_CLASS = YES_ERROR;
				CLANG_WARN_QUOTED_INCLUDE_IN_FRAMEWORK_HEADER = YES;
				CLANG_WARN_RANGE_LOOP_ANALYSIS = YES;
				CLANG_WARN_STRICT_PROTOTYPES = YES;
				CLANG_WARN_SUSPICIOUS_MOVE = YES;
				CLANG_WARN_UNGUARDED_AVAILABILITY = YES_AGGRESSIVE;
				CLANG_WARN_UNREACHABLE_CODE = YES;
				CLANG_WARN__DUPLICATE_METHOD_MATCH = YES;
				COPY_PHASE_STRIP = NO;
				DEBUG_INFORMATION_FORMAT = "dwarf-with-dsym";
				ENABLE_NS_ASSERTIONS = NO;
				ENABLE_STRICT_OBJC_MSGSEND = YES;
				GCC_C_LANGUAGE_STANDARD = gnu11;
				GCC_NO_COMMON_BLOCKS = YES;
				GCC_WARN_64_TO_32_BIT_CONVERSION = YES;
				GCC_WARN_ABOUT_RETURN_TYPE = YES_ERROR;
				GCC_WARN_UNDECLARED_SELECTOR = YES;
				GCC_WARN_UNINITIALIZED_AUTOS = YES_AGGRESSIVE;
				GCC_WARN_UNUSED_FUNCTION = YES;
				GCC_WARN_UNUSED_VARIABLE = YES;
				MTL_ENABLE_DEBUG_INFO = NO;
				MTL_FAST_MATH = YES;
				SWIFT_COMPILATION_MODE = wholemodule;
				SWIFT_OPTIMIZATION_LEVEL = "-O";
			};
			name = Release;
		};
		5EE4D1E729377AE1007E974E /* Debug */ = {
			isa = XCBuildConfiguration;
			buildSettings = {
				ASSETCATALOG_COMPILER_APPICON_NAME = AppIcon;
				ASSETCATALOG_COMPILER_GLOBAL_ACCENT_COLOR_NAME = AccentColor;
				CODE_SIGN_ENTITLEMENTS = TravelDiscovery/TravelDiscovery.entitlements;
				CODE_SIGN_STYLE = Automatic;
				CURRENT_PROJECT_VERSION = 1;
				DEVELOPMENT_ASSET_PATHS = "\"TravelDiscovery/Preview Content\"";
				DEVELOPMENT_TEAM = 753E9E6DKV;
				ENABLE_HARDENED_RUNTIME = YES;
				ENABLE_PREVIEWS = YES;
				GENERATE_INFOPLIST_FILE = YES;
				"INFOPLIST_KEY_UIApplicationSceneManifest_Generation[sdk=iphoneos*]" = YES;
				"INFOPLIST_KEY_UIApplicationSceneManifest_Generation[sdk=iphonesimulator*]" = YES;
				"INFOPLIST_KEY_UIApplicationSupportsIndirectInputEvents[sdk=iphoneos*]" = YES;
				"INFOPLIST_KEY_UIApplicationSupportsIndirectInputEvents[sdk=iphonesimulator*]" = YES;
				"INFOPLIST_KEY_UILaunchScreen_Generation[sdk=iphoneos*]" = YES;
				"INFOPLIST_KEY_UILaunchScreen_Generation[sdk=iphonesimulator*]" = YES;
				"INFOPLIST_KEY_UIStatusBarStyle[sdk=iphoneos*]" = UIStatusBarStyleDefault;
				"INFOPLIST_KEY_UIStatusBarStyle[sdk=iphonesimulator*]" = UIStatusBarStyleDefault;
				INFOPLIST_KEY_UISupportedInterfaceOrientations_iPad = "UIInterfaceOrientationPortrait UIInterfaceOrientationPortraitUpsideDown UIInterfaceOrientationLandscapeLeft UIInterfaceOrientationLandscapeRight";
				INFOPLIST_KEY_UISupportedInterfaceOrientations_iPhone = "UIInterfaceOrientationPortrait UIInterfaceOrientationLandscapeLeft UIInterfaceOrientationLandscapeRight";
				IPHONEOS_DEPLOYMENT_TARGET = 16.1;
				LD_RUNPATH_SEARCH_PATHS = "@executable_path/Frameworks";
				"LD_RUNPATH_SEARCH_PATHS[sdk=macosx*]" = "@executable_path/../Frameworks";
				MACOSX_DEPLOYMENT_TARGET = 13.0;
				MARKETING_VERSION = 1.0;
				PRODUCT_BUNDLE_IDENTIFIER = com.rcher.TravelDiscovery;
				PRODUCT_NAME = "$(TARGET_NAME)";
				SDKROOT = auto;
				SUPPORTED_PLATFORMS = "iphoneos iphonesimulator macosx";
				SWIFT_EMIT_LOC_STRINGS = YES;
				SWIFT_VERSION = 5.0;
				TARGETED_DEVICE_FAMILY = "1,2";
			};
			name = Debug;
		};
		5EE4D1E829377AE1007E974E /* Release */ = {
			isa = XCBuildConfiguration;
			buildSettings = {
				ASSETCATALOG_COMPILER_APPICON_NAME = AppIcon;
				ASSETCATALOG_COMPILER_GLOBAL_ACCENT_COLOR_NAME = AccentColor;
				CODE_SIGN_ENTITLEMENTS = TravelDiscovery/TravelDiscovery.entitlements;
				CODE_SIGN_STYLE = Automatic;
				CURRENT_PROJECT_VERSION = 1;
				DEVELOPMENT_ASSET_PATHS = "\"TravelDiscovery/Preview Content\"";
				DEVELOPMENT_TEAM = 753E9E6DKV;
				ENABLE_HARDENED_RUNTIME = YES;
				ENABLE_PREVIEWS = YES;
				GENERATE_INFOPLIST_FILE = YES;
				"INFOPLIST_KEY_UIApplicationSceneManifest_Generation[sdk=iphoneos*]" = YES;
				"INFOPLIST_KEY_UIApplicationSceneManifest_Generation[sdk=iphonesimulator*]" = YES;
				"INFOPLIST_KEY_UIApplicationSupportsIndirectInputEvents[sdk=iphoneos*]" = YES;
				"INFOPLIST_KEY_UIApplicationSupportsIndirectInputEvents[sdk=iphonesimulator*]" = YES;
				"INFOPLIST_KEY_UILaunchScreen_Generation[sdk=iphoneos*]" = YES;
				"INFOPLIST_KEY_UILaunchScreen_Generation[sdk=iphonesimulator*]" = YES;
				"INFOPLIST_KEY_UIStatusBarStyle[sdk=iphoneos*]" = UIStatusBarStyleDefault;
				"INFOPLIST_KEY_UIStatusBarStyle[sdk=iphonesimulator*]" = UIStatusBarStyleDefault;
				INFOPLIST_KEY_UISupportedInterfaceOrientations_iPad = "UIInterfaceOrientationPortrait UIInterfaceOrientationPortraitUpsideDown UIInterfaceOrientationLandscapeLeft UIInterfaceOrientationLandscapeRight";
				INFOPLIST_KEY_UISupportedInterfaceOrientations_iPhone = "UIInterfaceOrientationPortrait UIInterfaceOrientationLandscapeLeft UIInterfaceOrientationLandscapeRight";
				IPHONEOS_DEPLOYMENT_TARGET = 16.1;
				LD_RUNPATH_SEARCH_PATHS = "@executable_path/Frameworks";
				"LD_RUNPATH_SEARCH_PATHS[sdk=macosx*]" = "@executable_path/../Frameworks";
				MACOSX_DEPLOYMENT_TARGET = 13.0;
				MARKETING_VERSION = 1.0;
				PRODUCT_BUNDLE_IDENTIFIER = com.rcher.TravelDiscovery;
				PRODUCT_NAME = "$(TARGET_NAME)";
				SDKROOT = auto;
				SUPPORTED_PLATFORMS = "iphoneos iphonesimulator macosx";
				SWIFT_EMIT_LOC_STRINGS = YES;
				SWIFT_VERSION = 5.0;
				TARGETED_DEVICE_FAMILY = "1,2";
			};
			name = Release;
		};
/* End XCBuildConfiguration section */

/* Begin XCConfigurationList section */
		5EE4D1D229377AE0007E974E /* Build configuration list for PBXProject "TravelDiscovery" */ = {
			isa = XCConfigurationList;
			buildConfigurations = (
				5EE4D1E429377AE1007E974E /* Debug */,
				5EE4D1E529377AE1007E974E /* Release */,
			);
			defaultConfigurationIsVisible = 0;
			defaultConfigurationName = Release;
		};
		5EE4D1E629377AE1007E974E /* Build configuration list for PBXNativeTarget "TravelDiscovery" */ = {
			isa = XCConfigurationList;
			buildConfigurations = (
				5EE4D1E729377AE1007E974E /* Debug */,
				5EE4D1E829377AE1007E974E /* Release */,
			);
			defaultConfigurationIsVisible = 0;
			defaultConfigurationName = Release;
		};
/* End XCConfigurationList section */
	};
	rootObject = 5EE4D1CF29377AE0007E974E /* Project object */;
}
